
Microsoft Visual Studio Solution File, Format Version 12.00
# Visual Studio Version 17
VisualStudioVersion = 17.14.36414.22 d17.14
MinimumVisualStudioVersion = 10.0.40219.1
Project("{FAE04EC0-301F-11D3-BF4B-00C04F79EFBC}") = "Evalucacion", "Evalucacion\Evalucacion.csproj", "{ED50D1D4-BC18-492C-A172-F8393F942B93}"
EndProject
Global
	GlobalSection(SolutionConfigurationPlatforms) = preSolution
		Debug|Any CPU = Debug|Any CPU
		Release|Any CPU = Release|Any CPU
	EndGlobalSection
	GlobalSection(ProjectConfigurationPlatforms) = postSolution
		{ED50D1D4-BC18-492C-A172-F8393F942B93}.Debug|Any CPU.ActiveCfg = Debug|Any CPU
		{ED50D1D4-BC18-492C-A172-F8393F942B93}.Debug|Any CPU.Build.0 = Debug|Any CPU
		{ED50D1D4-BC18-492C-A172-F8393F942B93}.Release|Any CPU.ActiveCfg = Release|Any CPU
		{ED50D1D4-BC18-492C-A172-F8393F942B93}.Release|Any CPU.Build.0 = Release|Any CPU
	EndGlobalSection
	GlobalSection(SolutionProperties) = preSolution
		HideSolutionNode = FALSE
	EndGlobalSection
	GlobalSection(ExtensibilityGlobals) = postSolution
		SolutionGuid = {39243B65-8E8E-4EFD-9C51-D45556514C70}
	EndGlobalSection
EndGlobal
